Microsoft Visual Studio Solution File, Format Version 12.00
# Visual Studio Version 17
VisualStudioVersion = 17.5.2.0
MinimumVisualStudioVersion = 10.0.40219.1
Project("{FAE04EC0-301F-11D3-BF4B-00C04F79EFBC}") = "HealthDevice", "HealthDevice\HealthDevice.csproj", "{F7EC7D93-2F1A-7FB2-A291-B9F1DB87AA22}"
EndProject
Global
	GlobalSection(SolutionConfigurationPlatforms) = preSolution
		Debug|Any CPU = Debug|Any CPU
		Release|Any CPU = Release|Any CPU
	EndGlobalSection
	GlobalSection(ProjectConfigurationPlatforms) = postSolution
		{F7EC7D93-2F1A-7FB2-A291-B9F1DB87AA22}.Debug|Any CPU.ActiveCfg = Debug|Any CPU
		{F7EC7D93-2F1A-7FB2-A291-B9F1DB87AA22}.Debug|Any CPU.Build.0 = Debug|Any CPU
		{F7EC7D93-2F1A-7FB2-A291-B9F1DB87AA22}.Release|Any CPU.ActiveCfg = Release|Any CPU
		{F7EC7D93-2F1A-7FB2-A291-B9F1DB87AA22}.Release|Any CPU.Build.0 = Release|Any CPU
	EndGlobalSection
	GlobalSection(SolutionProperties) = preSolution
		HideSolutionNode = FALSE
	EndGlobalSection
	GlobalSection(ExtensibilityGlobals) = postSolution
		SolutionGuid = {DAF8A365-BDA0-4EC7-801A-9D0D92F0BA60}
	EndGlobalSection
EndGlobal
